// !$*UTF8*$!
{
	archiveVersion = 1;
	classes = {
	};
	objectVersion = 56;
	objects = {

/* Begin PBXBuildFile section */
		A7534ADC2C86226D0086BC64 /* PokedexApp.swift in Sources */ = {isa = PBXBuildFile; fileRef = A7534ADB2C86226D0086BC64 /* PokedexApp.swift */; };
		A7534ADE2C86226D0086BC64 /* LandingView.swift in Sources */ = {isa = PBXBuildFile; fileRef = A7534ADD2C86226D0086BC64 /* LandingView.swift */; };
		A7534AE02C86226E0086BC64 /* Assets.xcassets in Resources */ = {isa = PBXBuildFile; fileRef = A7534ADF2C86226E0086BC64 /* Assets.xcassets */; };
		A7534AE32C86226E0086BC64 /* Preview Assets.xcassets in Resources */ = {isa = PBXBuildFile; fileRef = A7534AE22C86226E0086BC64 /* Preview Assets.xcassets */; };
		A7534AEB2C8622F90086BC64 /* TyradexKit in Frameworks */ = {isa = PBXBuildFile; productRef = A7534AEA2C8622F90086BC64 /* TyradexKit */; };
		A7534AF02C8623680086BC64 /* PokemonView.swift in Sources */ = {isa = PBXBuildFile; fileRef = A7534AEF2C8623680086BC64 /* PokemonView.swift */; };
		A7534AF22C8623970086BC64 /* ImageLoader.swift in Sources */ = {isa = PBXBuildFile; fileRef = A7534AF12C8623970086BC64 /* ImageLoader.swift */; };
		A7534AF52C8624060086BC64 /* Pokemon.swift in Sources */ = {isa = PBXBuildFile; fileRef = A7534AF42C8624060086BC64 /* Pokemon.swift */; };
		A793E0A12C91FD8100E050B4 /* FavoriteButton.swift in Sources */ = {isa = PBXBuildFile; fileRef = A793E0A02C91FD8100E050B4 /* FavoriteButton.swift */; };
		A7B99B112C8C64EE00EDD7CF /* PokemonViewModel.swift in Sources */ = {isa = PBXBuildFile; fileRef = A7B99B102C8C64EE00EDD7CF /* PokemonViewModel.swift */; };
		A7C9CB8E2C8779FD00A8FC45 /* StatsItem.swift in Sources */ = {isa = PBXBuildFile; fileRef = A7C9CB8D2C8779FD00A8FC45 /* StatsItem.swift */; };
		A7F0F7A12C8997DB0037BA95 /* FavoritesPokemonsView.swift in Sources */ = {isa = PBXBuildFile; fileRef = A7F0F7A02C8997DB0037BA95 /* FavoritesPokemonsView.swift */; };
/* End PBXBuildFile section */

/* Begin PBXFileReference section */
		A7534AD82C86226D0086BC64 /* Pokedex.app */ = {isa = PBXFileReference; explicitFileType = wrapper.application; includeInIndex = 0; path = Pokedex.app; sourceTree = BUILT_PRODUCTS_DIR; };
		A7534ADB2C86226D0086BC64 /* PokedexApp.swift */ = {isa = PBXFileReference; lastKnownFileType = sourcecode.swift; path = PokedexApp.swift; sourceTree = "<group>"; };
		A7534ADD2C86226D0086BC64 /* LandingView.swift */ = {isa = PBXFileReference; lastKnownFileType = sourcecode.swift; path = LandingView.swift; sourceTree = "<group>"; };
		A7534ADF2C86226E0086BC64 /* Assets.xcassets */ = {isa = PBXFileReference; lastKnownFileType = folder.assetcatalog; path = Assets.xcassets; sourceTree = "<group>"; };
		A7534AE22C86226E0086BC64 /* Preview Assets.xcassets */ = {isa = PBXFileReference; lastKnownFileType = folder.assetcatalog; path = "Preview Assets.xcassets"; sourceTree = "<group>"; };
		A7534AEF2C8623680086BC64 /* PokemonView.swift */ = {isa = PBXFileReference; lastKnownFileType = sourcecode.swift; path = PokemonView.swift; sourceTree = "<group>"; };
		A7534AF12C8623970086BC64 /* ImageLoader.swift */ = {isa = PBXFileReference; lastKnownFileType = sourcecode.swift; path = ImageLoader.swift; sourceTree = "<group>"; };
		A7534AF42C8624060086BC64 /* Pokemon.swift */ = {isa = PBXFileReference; lastKnownFileType = sourcecode.swift; path = Pokemon.swift; sourceTree = "<group>"; };
		A793E0A02C91FD8100E050B4 /* FavoriteButton.swift */ = {isa = PBXFileReference; lastKnownFileType = sourcecode.swift; path = FavoriteButton.swift; sourceTree = "<group>"; };
		A7B99B102C8C64EE00EDD7CF /* PokemonViewModel.swift */ = {isa = PBXFileReference; lastKnownFileType = sourcecode.swift; path = PokemonViewModel.swift; sourceTree = "<group>"; };
		A7C9CB8D2C8779FD00A8FC45 /* StatsItem.swift */ = {isa = PBXFileReference; lastKnownFileType = sourcecode.swift; path = StatsItem.swift; sourceTree = "<group>"; };
		A7F0F7A02C8997DB0037BA95 /* FavoritesPokemonsView.swift */ = {isa = PBXFileReference; lastKnownFileType = sourcecode.swift; path = FavoritesPokemonsView.swift; sourceTree = "<group>"; };
/* End PBXFileReference section */

/* Begin PBXFrameworksBuildPhase section */
		A7534AD52C86226D0086BC64 /* Frameworks */ = {
			isa = PBXFrameworksBuildPhase;
			buildActionMask = 2147483647;
			files = (
				A7534AEB2C8622F90086BC64 /* TyradexKit in Frameworks */,
			);
			runOnlyForDeploymentPostprocessing = 0;
		};
/* End PBXFrameworksBuildPhase section */

/* Begin PBXGroup section */
		A7534ACF2C86226D0086BC64 = {
			isa = PBXGroup;
			children = (
				A7534ADA2C86226D0086BC64 /* Pokedex */,
				A7534AD92C86226D0086BC64 /* Products */,
			);
			sourceTree = "<group>";
		};
		A7534AD92C86226D0086BC64 /* Products */ = {
			isa = PBXGroup;
			children = (
				A7534AD82C86226D0086BC64 /* Pokedex.app */,
			);
			name = Products;
			sourceTree = "<group>";
		};
		A7534ADA2C86226D0086BC64 /* Pokedex */ = {
			isa = PBXGroup;
			children = (
				A7534ADB2C86226D0086BC64 /* PokedexApp.swift */,
				A7534AED2C8623220086BC64 /* Assets */,
				A7534AF32C8623ED0086BC64 /* Extensions */,
				A7534AEE2C8623380086BC64 /* Components */,
				A7B99B0F2C8C64C600EDD7CF /* ViewModels */,
				A7534AEC2C8623110086BC64 /* Views */,
				A7534AE12C86226E0086BC64 /* Preview Content */,
			);
			path = Pokedex;
			sourceTree = "<group>";
		};
		A7534AE12C86226E0086BC64 /* Preview Content */ = {
			isa = PBXGroup;
			children = (
				A7534AE22C86226E0086BC64 /* Preview Assets.xcassets */,
			);
			path = "Preview Content";
			sourceTree = "<group>";
		};
		A7534AEC2C8623110086BC64 /* Views */ = {
			isa = PBXGroup;
			children = (
				A7534ADD2C86226D0086BC64 /* LandingView.swift */,
				A7534AEF2C8623680086BC64 /* PokemonView.swift */,
				A7F0F7A02C8997DB0037BA95 /* FavoritesPokemonsView.swift */,
			);
			path = Views;
			sourceTree = "<group>";
		};
		A7534AED2C8623220086BC64 /* Assets */ = {
			isa = PBXGroup;
			children = (
				A7534ADF2C86226E0086BC64 /* Assets.xcassets */,
			);
			path = Assets;
			sourceTree = "<group>";
		};
		A7534AEE2C8623380086BC64 /* Components */ = {
			isa = PBXGroup;
			children = (
				A7534AF12C8623970086BC64 /* ImageLoader.swift */,
				A7C9CB8D2C8779FD00A8FC45 /* StatsItem.swift */,
				A793E0A02C91FD8100E050B4 /* FavoriteButton.swift */,
			);
			path = Components;
			sourceTree = "<group>";
		};
		A7534AF32C8623ED0086BC64 /* Extensions */ = {
			isa = PBXGroup;
			children = (
				A7534AF42C8624060086BC64 /* Pokemon.swift */,
			);
			path = Extensions;
			sourceTree = "<group>";
		};
		A7B99B0F2C8C64C600EDD7CF /* ViewModels */ = {
			isa = PBXGroup;
			children = (
				A7B99B102C8C64EE00EDD7CF /* PokemonViewModel.swift */,
			);
			path = ViewModels;
			sourceTree = "<group>";
		};
/* End PBXGroup section */

/* Begin PBXNativeTarget section */
		A7534AD72C86226D0086BC64 /* Pokedex */ = {
			isa = PBXNativeTarget;
			buildConfigurationList = A7534AE62C86226E0086BC64 /* Build configuration list for PBXNativeTarget "Pokedex" */;
			buildPhases = (
				A7534AD42C86226D0086BC64 /* Sources */,
				A7534AD52C86226D0086BC64 /* Frameworks */,
				A7534AD62C86226D0086BC64 /* Resources */,
			);
			buildRules = (
			);
			dependencies = (
			);
			name = Pokedex;
			packageProductDependencies = (
				A7534AEA2C8622F90086BC64 /* TyradexKit */,
			);
			productName = Pokedex;
			productReference = A7534AD82C86226D0086BC64 /* Pokedex.app */;
			productType = "com.apple.product-type.application";
		};
/* End PBXNativeTarget section */

/* Begin PBXProject section */
		A7534AD02C86226D0086BC64 /* Project object */ = {
			isa = PBXProject;
			attributes = {
				BuildIndependentTargetsInParallel = 1;
				LastSwiftUpdateCheck = 1540;
				LastUpgradeCheck = 1540;
				TargetAttributes = {
					A7534AD72C86226D0086BC64 = {
						CreatedOnToolsVersion = 15.4;
					};
				};
			};
			buildConfigurationList = A7534AD32C86226D0086BC64 /* Build configuration list for PBXProject "Pokedex" */;
			compatibilityVersion = "Xcode 14.0";
			developmentRegion = en;
			hasScannedForEncodings = 0;
			knownRegions = (
				en,
				Base,
			);
			mainGroup = A7534ACF2C86226D0086BC64;
			packageReferences = (
				A7534AE92C8622F90086BC64 /* XCRemoteSwiftPackageReference "TyradexKit" */,
			);
			productRefGroup = A7534AD92C86226D0086BC64 /* Products */;
			projectDirPath = "";
			projectRoot = "";
			targets = (
				A7534AD72C86226D0086BC64 /* Pokedex */,
			);
		};
/* End PBXProject section */

/* Begin PBXResourcesBuildPhase section */
		A7534AD62C86226D0086BC64 /* Resources */ = {
			isa = PBXResourcesBuildPhase;
			buildActionMask = 2147483647;
			files = (
				A7534AE32C86226E0086BC64 /* Preview Assets.xcassets in Resources */,
				A7534AE02C86226E0086BC64 /* Assets.xcassets in Resources */,
			);
			runOnlyForDeploymentPostprocessing = 0;
		};
/* End PBXResourcesBuildPhase section */

/* Begin PBXSourcesBuildPhase section */
		A7534AD42C86226D0086BC64 /* Sources */ = {
			isa = PBXSourcesBuildPhase;
			buildActionMask = 2147483647;
			files = (
				A7F0F7A12C8997DB0037BA95 /* FavoritesPokemonsView.swift in Sources */,
				A7534AF02C8623680086BC64 /* PokemonView.swift in Sources */,
				A7534AF52C8624060086BC64 /* Pokemon.swift in Sources */,
				A793E0A12C91FD8100E050B4 /* FavoriteButton.swift in Sources */,
				A7B99B112C8C64EE00EDD7CF /* PokemonViewModel.swift in Sources */,
				A7534ADE2C86226D0086BC64 /* LandingView.swift in Sources */,
				A7534AF22C8623970086BC64 /* ImageLoader.swift in Sources */,
				A7C9CB8E2C8779FD00A8FC45 /* StatsItem.swift in Sources */,
				A7534ADC2C86226D0086BC64 /* PokedexApp.swift in Sources */,
			);
			runOnlyForDeploymentPostprocessing = 0;
		};
/* End PBXSourcesBuildPhase section */

/* Begin XCBuildConfiguration section */
		A7534AE42C86226E0086BC64 /* Debug */ = {
			isa = XCBuildConfiguration;
			buildSettings = {
				ALWAYS_SEARCH_USER_PATHS = NO;
				ASSETCATALOG_COMPILER_GENERATE_SWIFT_ASSET_SYMBOL_EXTENSIONS = YES;
				CLANG_ANALYZER_NONNULL = YES;
				CLANG_ANALYZER_NUMBER_OBJECT_CONVERSION = YES_AGGRESSIVE;
				CLANG_CXX_LANGUAGE_STANDARD = "gnu++20";
				CLANG_ENABLE_MODULES = YES;
				CLANG_ENABLE_OBJC_ARC = YES;
				CLANG_ENABLE_OBJC_WEAK = YES;
				CLANG_WARN_BLOCK_CAPTURE_AUTORELEASING = YES;
				CLANG_WARN_BOOL_CONVERSION = YES;
				CLANG_WARN_COMMA = YES;
				CLANG_WARN_CONSTANT_CONVERSION = YES;
				CLANG_WARN_DEPRECATED_OBJC_IMPLEMENTATIONS = YES;
				CLANG_WARN_DIRECT_OBJC_ISA_USAGE = YES_ERROR;
				CLANG_WARN_DOCUMENTATION_COMMENTS = YES;
				CLANG_WARN_EMPTY_BODY = YES;
				CLANG_WARN_ENUM_CONVERSION = YES;
				CLANG_WARN_INFINITE_RECURSION = YES;
				CLANG_WARN_INT_CONVERSION = YES;
				CLANG_WARN_NON_LITERAL_NULL_CONVERSION = YES;
				CLANG_WARN_OBJC_IMPLICIT_RETAIN_SELF = YES;
				CLANG_WARN_OBJC_LITERAL_CONVERSION = YES;
				CLANG_WARN_OBJC_ROOT_CLASS = YES_ERROR;
				CLANG_WARN_QUOTED_INCLUDE_IN_FRAMEWORK_HEADER = YES;
				CLANG_WARN_RANGE_LOOP_ANALYSIS = YES;
				CLANG_WARN_STRICT_PROTOTYPES = YES;
				CLANG_WARN_SUSPICIOUS_MOVE = YES;
				CLANG_WARN_UNGUARDED_AVAILABILITY = YES_AGGRESSIVE;
				CLANG_WARN_UNREACHABLE_CODE = YES;
				CLANG_WARN__DUPLICATE_METHOD_MATCH = YES;
				COPY_PHASE_STRIP = NO;
				DEBUG_INFORMATION_FORMAT = dwarf;
				ENABLE_STRICT_OBJC_MSGSEND = YES;
				ENABLE_TESTABILITY = YES;
				ENABLE_USER_SCRIPT_SANDBOXING = YES;
				GCC_C_LANGUAGE_STANDARD = gnu17;
				GCC_DYNAMIC_NO_PIC = NO;
				GCC_NO_COMMON_BLOCKS = YES;
				GCC_OPTIMIZATION_LEVEL = 0;
				GCC_PREPROCESSOR_DEFINITIONS = (
					"DEBUG=1",
					"$(inherited)",
				);
				GCC_WARN_64_TO_32_BIT_CONVERSION = YES;
				GCC_WARN_ABOUT_RETURN_TYPE = YES_ERROR;
				GCC_WARN_UNDECLARED_SELECTOR = YES;
				GCC_WARN_UNINITIALIZED_AUTOS = YES_AGGRESSIVE;
				GCC_WARN_UNUSED_FUNCTION = YES;
				GCC_WARN_UNUSED_VARIABLE = YES;
				IPHONEOS_DEPLOYMENT_TARGET = 17.5;
				LOCALIZATION_PREFERS_STRING_CATALOGS = YES;
				MTL_ENABLE_DEBUG_INFO = INCLUDE_SOURCE;
				MTL_FAST_MATH = YES;
				ONLY_ACTIVE_ARCH = YES;
				SDKROOT = iphoneos;
				SWIFT_ACTIVE_COMPILATION_CONDITIONS = "DEBUG $(inherited)";
				SWIFT_OPTIMIZATION_LEVEL = "-Onone";
			};
			name = Debug;
		};
		A7534AE52C86226E0086BC64 /* Release */ = {
			isa = XCBuildConfiguration;
			buildSettings = {
				ALWAYS_SEARCH_USER_PATHS = NO;
				ASSETCATALOG_COMPILER_GENERATE_SWIFT_ASSET_SYMBOL_EXTENSIONS = YES;
				CLANG_ANALYZER_NONNULL = YES;
				CLANG_ANALYZER_NUMBER_OBJECT_CONVERSION = YES_AGGRESSIVE;
				CLANG_CXX_LANGUAGE_STANDARD = "gnu++20";
				CLANG_ENABLE_MODULES = YES;
				CLANG_ENABLE_OBJC_ARC = YES;
				CLANG_ENABLE_OBJC_WEAK = YES;
				CLANG_WARN_BLOCK_CAPTURE_AUTORELEASING = YES;
				CLANG_WARN_BOOL_CONVERSION = YES;
				CLANG_WARN_COMMA = YES;
				CLANG_WARN_CONSTANT_CONVERSION = YES;
				CLANG_WARN_DEPRECATED_OBJC_IMPLEMENTATIONS = YES;
				CLANG_WARN_DIRECT_OBJC_ISA_USAGE = YES_ERROR;
				CLANG_WARN_DOCUMENTATION_COMMENTS = YES;
				CLANG_WARN_EMPTY_BODY = YES;
				CLANG_WARN_ENUM_CONVERSION = YES;
				CLANG_WARN_INFINITE_RECURSION = YES;
				CLANG_WARN_INT_CONVERSION = YES;
				CLANG_WARN_NON_LITERAL_NULL_CONVERSION = YES;
				CLANG_WARN_OBJC_IMPLICIT_RETAIN_SELF = YES;
				CLANG_WARN_OBJC_LITERAL_CONVERSION = YES;
				CLANG_WARN_OBJC_ROOT_CLASS = YES_ERROR;
				CLANG_WARN_QUOTED_INCLUDE_IN_FRAMEWORK_HEADER = YES;
				CLANG_WARN_RANGE_LOOP_ANALYSIS = YES;
				CLANG_WARN_STRICT_PROTOTYPES = YES;
				CLANG_WARN_SUSPICIOUS_MOVE = YES;
				CLANG_WARN_UNGUARDED_AVAILABILITY = YES_AGGRESSIVE;
				CLANG_WARN_UNREACHABLE_CODE = YES;
				CLANG_WARN__DUPLICATE_METHOD_MATCH = YES;
				COPY_PHASE_STRIP = NO;
				DEBUG_INFORMATION_FORMAT = "dwarf-with-dsym";
				ENABLE_NS_ASSERTIONS = NO;
				ENABLE_STRICT_OBJC_MSGSEND = YES;
				ENABLE_USER_SCRIPT_SANDBOXING = YES;
				GCC_C_LANGUAGE_STANDARD = gnu17;
				GCC_NO_COMMON_BLOCKS = YES;
				GCC_WARN_64_TO_32_BIT_CONVERSION = YES;
				GCC_WARN_ABOUT_RETURN_TYPE = YES_ERROR;
				GCC_WARN_UNDECLARED_SELECTOR = YES;
				GCC_WARN_UNINITIALIZED_AUTOS = YES_AGGRESSIVE;
				GCC_WARN_UNUSED_FUNCTION = YES;
				GCC_WARN_UNUSED_VARIABLE = YES;
				IPHONEOS_DEPLOYMENT_TARGET = 17.5;
				LOCALIZATION_PREFERS_STRING_CATALOGS = YES;
				MTL_ENABLE_DEBUG_INFO = NO;
				MTL_FAST_MATH = YES;
				SDKROOT = iphoneos;
				SWIFT_COMPILATION_MODE = wholemodule;
				VALIDATE_PRODUCT = YES;
			};
			name = Release;
		};
		A7534AE72C86226E0086BC64 /* Debug */ = {
			isa = XCBuildConfiguration;
			buildSettings = {
				ASSETCATALOG_COMPILER_APPICON_NAME = AppIcon;
				ASSETCATALOG_COMPILER_GLOBAL_ACCENT_COLOR_NAME = AccentColor;
				CODE_SIGN_STYLE = Automatic;
				CURRENT_PROJECT_VERSION = 1;
				DEVELOPMENT_ASSET_PATHS = "\"Pokedex/Preview Content\"";
				DEVELOPMENT_TEAM = 5YH873AVKF;
				ENABLE_PREVIEWS = YES;
				GENERATE_INFOPLIST_FILE = YES;
				INFOPLIST_KEY_UIApplicationSceneManifest_Generation = YES;
				INFOPLIST_KEY_UIApplicationSupportsIndirectInputEvents = YES;
				INFOPLIST_KEY_UILaunchScreen_Generation = YES;
				INFOPLIST_KEY_UISupportedInterfaceOrientations_iPad = "UIInterfaceOrientationPortrait UIInterfaceOrientationPortraitUpsideDown UIInterfaceOrientationLandscapeLeft UIInterfaceOrientationLandscapeRight";
				INFOPLIST_KEY_UISupportedInterfaceOrientations_iPhone = "UIInterfaceOrientationPortrait UIInterfaceOrientationLandscapeLeft UIInterfaceOrientationLandscapeRight";
				LD_RUNPATH_SEARCH_PATHS = (
					"$(inherited)",
					"@executable_path/Frameworks",
				);
				MARKETING_VERSION = 1.0;
				PRODUCT_BUNDLE_IDENTIFIER = com.viranaikenjessy.Pokedex;
				PRODUCT_NAME = "$(TARGET_NAME)";
				SWIFT_EMIT_LOC_STRINGS = YES;
				SWIFT_VERSION = 5.0;
				TARGETED_DEVICE_FAMILY = "1,2";
			};
			name = Debug;
		};
		A7534AE82C86226E0086BC64 /* Release */ = {
			isa = XCBuildConfiguration;
			buildSettings = {
				ASSETCATALOG_COMPILER_APPICON_NAME = AppIcon;
				ASSETCATALOG_COMPILER_GLOBAL_ACCENT_COLOR_NAME = AccentColor;
				CODE_SIGN_STYLE = Automatic;
				CURRENT_PROJECT_VERSION = 1;
				DEVELOPMENT_ASSET_PATHS = "\"Pokedex/Preview Content\"";
				DEVELOPMENT_TEAM = 5YH873AVKF;
				ENABLE_PREVIEWS = YES;
				GENERATE_INFOPLIST_FILE = YES;
				INFOPLIST_KEY_UIApplicationSceneManifest_Generation = YES;
				INFOPLIST_KEY_UIApplicationSupportsIndirectInputEvents = YES;
				INFOPLIST_KEY_UILaunchScreen_Generation = YES;
				INFOPLIST_KEY_UISupportedInterfaceOrientations_iPad = "UIInterfaceOrientationPortrait UIInterfaceOrientationPortraitUpsideDown UIInterfaceOrientationLandscapeLeft UIInterfaceOrientationLandscapeRight";
				INFOPLIST_KEY_UISupportedInterfaceOrientations_iPhone = "UIInterfaceOrientationPortrait UIInterfaceOrientationLandscapeLeft UIInterfaceOrientationLandscapeRight";
				LD_RUNPATH_SEARCH_PATHS = (
					"$(inherited)",
					"@executable_path/Frameworks",
				);
				MARKETING_VERSION = 1.0;
				PRODUCT_BUNDLE_IDENTIFIER = com.viranaikenjessy.Pokedex;
				PRODUCT_NAME = "$(TARGET_NAME)";
				SWIFT_EMIT_LOC_STRINGS = YES;
				SWIFT_VERSION = 5.0;
				TARGETED_DEVICE_FAMILY = "1,2";
			};
			name = Release;
		};
/* End XCBuildConfiguration section */

/* Begin XCConfigurationList section */
		A7534AD32C86226D0086BC64 /* Build configuration list for PBXProject "Pokedex" */ = {
			isa = XCConfigurationList;
			buildConfigurations = (
				A7534AE42C86226E0086BC64 /* Debug */,
				A7534AE52C86226E0086BC64 /* Release */,
			);
			defaultConfigurationIsVisible = 0;
			defaultConfigurationName = Release;
		};
		A7534AE62C86226E0086BC64 /* Build configuration list for PBXNativeTarget "Pokedex" */ = {
			isa = XCConfigurationList;
			buildConfigurations = (
				A7534AE72C86226E0086BC64 /* Debug */,
				A7534AE82C86226E0086BC64 /* Release */,
			);
			defaultConfigurationIsVisible = 0;
			defaultConfigurationName = Release;
		};
/* End XCConfigurationList section */

/* Begin XCRemoteSwiftPackageReference section */
		A7534AE92C8622F90086BC64 /* XCRemoteSwiftPackageReference "TyradexKit" */ = {
			isa = XCRemoteSwiftPackageReference;
			repositoryURL = "https://github.com/theosementa/TyradexKit";
			requirement = {
				branch = main;
				kind = branch;
			};
		};
/* End XCRemoteSwiftPackageReference section */

/* Begin XCSwiftPackageProductDependency section */
		A7534AEA2C8622F90086BC64 /* TyradexKit */ = {
			isa = XCSwiftPackageProductDependency;
			package = A7534AE92C8622F90086BC64 /* XCRemoteSwiftPackageReference "TyradexKit" */;
			productName = TyradexKit;
		};
/* End XCSwiftPackageProductDependency section */
	};
	rootObject = A7534AD02C86226D0086BC64 /* Project object */;
}
