{
  "originHash" : "6f090a5194a89936108c5bd9888bcd042d387281c8bfbcbbeece0274b60ad718",
  "pins" : [
    {
      "identity" : "tyradexkit",
      "kind" : "remoteSourceControl",
      "location" : "https://github.com/theosementa/TyradexKit",
      "state" : {
        "branch" : "main",
        "revision" : "29469b3e684a145712836b500b3578e8ae95c3ea"
      }
    }
  ],
  "version" : 3
}
